
Microsoft Visual Studio Solution File, Format Version 12.00
# Visual Studio Version 17
VisualStudioVersion = 17.6.33829.357
MinimumVisualStudioVersion = 10.0.40219.1
Project("{FAE04EC0-301F-11D3-BF4B-00C04F79EFBC}") = "DevFramework.Core", "DevFramework.Core\DevFramework.Core.csproj", "{55DF0788-08FF-483D-AD8D-30404975DFD8}"
EndProject
Project("{FAE04EC0-301F-11D3-BF4B-00C04F79EFBC}") = "MemberRegistration.Entities", "MemberRegistration.Entities\MemberRegistration.Entities.csproj", "{280920F3-DA57-453F-BF24-880BA985EC7E}"
EndProject
Project("{FAE04EC0-301F-11D3-BF4B-00C04F79EFBC}") = "MemberRegistration.DataAccess", "MemberRegistration.DataAccess\MemberRegistration.DataAccess.csproj", "{DA2EE754-1407-4E0D-A787-17A5A84B990E}"
EndProject
Project("{FAE04EC0-301F-11D3-BF4B-00C04F79EFBC}") = "MemberRegistration.Business", "MemberRegistration.Business\MemberRegistration.Business.csproj", "{B04D6247-08E9-4165-93F2-BE59757C6910}"
EndProject
Project("{FAE04EC0-301F-11D3-BF4B-00C04F79EFBC}") = "MemberRegistration.ConsoleUI", "MemberRegistration.ConsoleUI\MemberRegistration.ConsoleUI.csproj", "{B8F99489-EC00-4EB5-A410-91A3DF527E72}"
EndProject
Project("{FAE04EC0-301F-11D3-BF4B-00C04F79EFBC}") = "MemberRegistration.MvcWebUI", "MemberRegistration.MvcWebUI\MemberRegistration.MvcWebUI.csproj", "{89282324-ACD5-4E61-A3F8-9A99CD7C8533}"
EndProject
Global
	GlobalSection(SolutionConfigurationPlatforms) = preSolution
		Debug|Any CPU = Debug|Any CPU
		Release|Any CPU = Release|Any CPU
	EndGlobalSection
	GlobalSection(ProjectConfigurationPlatforms) = postSolution
		{55DF0788-08FF-483D-AD8D-30404975DFD8}.Debug|Any CPU.ActiveCfg = Debug|Any CPU
		{55DF0788-08FF-483D-AD8D-30404975DFD8}.Debug|Any CPU.Build.0 = Debug|Any CPU
		{55DF0788-08FF-483D-AD8D-30404975DFD8}.Release|Any CPU.ActiveCfg = Release|Any CPU
		{55DF0788-08FF-483D-AD8D-30404975DFD8}.Release|Any CPU.Build.0 = Release|Any CPU
		{280920F3-DA57-453F-BF24-880BA985EC7E}.Debug|Any CPU.ActiveCfg = Debug|Any CPU
		{280920F3-DA57-453F-BF24-880BA985EC7E}.Debug|Any CPU.Build.0 = Debug|Any CPU
		{280920F3-DA57-453F-BF24-880BA985EC7E}.Release|Any CPU.ActiveCfg = Release|Any CPU
		{280920F3-DA57-453F-BF24-880BA985EC7E}.Release|Any CPU.Build.0 = Release|Any CPU
		{DA2EE754-1407-4E0D-A787-17A5A84B990E}.Debug|Any CPU.ActiveCfg = Debug|Any CPU
		{DA2EE754-1407-4E0D-A787-17A5A84B990E}.Debug|Any CPU.Build.0 = Debug|Any CPU
		{DA2EE754-1407-4E0D-A787-17A5A84B990E}.Release|Any CPU.ActiveCfg = Release|Any CPU
		{DA2EE754-1407-4E0D-A787-17A5A84B990E}.Release|Any CPU.Build.0 = Release|Any CPU
		{B04D6247-08E9-4165-93F2-BE59757C6910}.Debug|Any CPU.ActiveCfg = Debug|Any CPU
		{B04D6247-08E9-4165-93F2-BE59757C6910}.Debug|Any CPU.Build.0 = Debug|Any CPU
		{B04D6247-08E9-4165-93F2-BE59757C6910}.Release|Any CPU.ActiveCfg = Release|Any CPU
		{B04D6247-08E9-4165-93F2-BE59757C6910}.Release|Any CPU.Build.0 = Release|Any CPU
		{B8F99489-EC00-4EB5-A410-91A3DF527E72}.Debug|Any CPU.ActiveCfg = Debug|Any CPU
		{B8F99489-EC00-4EB5-A410-91A3DF527E72}.Debug|Any CPU.Build.0 = Debug|Any CPU
		{B8F99489-EC00-4EB5-A410-91A3DF527E72}.Release|Any CPU.ActiveCfg = Release|Any CPU
		{B8F99489-EC00-4EB5-A410-91A3DF527E72}.Release|Any CPU.Build.0 = Release|Any CPU
		{89282324-ACD5-4E61-A3F8-9A99CD7C8533}.Debug|Any CPU.ActiveCfg = Debug|Any CPU
		{89282324-ACD5-4E61-A3F8-9A99CD7C8533}.Debug|Any CPU.Build.0 = Debug|Any CPU
		{89282324-ACD5-4E61-A3F8-9A99CD7C8533}.Release|Any CPU.ActiveCfg = Release|Any CPU
		{89282324-ACD5-4E61-A3F8-9A99CD7C8533}.Release|Any CPU.Build.0 = Release|Any CPU
	EndGlobalSection
	GlobalSection(SolutionProperties) = preSolution
		HideSolutionNode = FALSE
	EndGlobalSection
	GlobalSection(ExtensibilityGlobals) = postSolution
		SolutionGuid = {85F143C1-8B08-4CC5-891C-D1CA5FCF4CA5}
	EndGlobalSection
EndGlobal
